
Microsoft Visual Studio Solution File, Format Version 12.00
# Visual Studio Version 17
VisualStudioVersion = 17.5.002.0
MinimumVisualStudioVersion = 10.0.40219.1
Project("{9A19103F-16F7-4668-BE54-9A1E7A4F7556}") = "BlobTriggerFunction", "BlobTriggerFunction.csproj", "{EA170897-7065-42BC-B4F8-F1171600D817}"
EndProject
Global
	GlobalSection(SolutionConfigurationPlatforms) = preSolution
		Debug|Any CPU = Debug|Any CPU
		Release|Any CPU = Release|Any CPU
	EndGlobalSection
	GlobalSection(ProjectConfigurationPlatforms) = postSolution
		{EA170897-7065-42BC-B4F8-F1171600D817}.Debug|Any CPU.ActiveCfg = Debug|Any CPU
		{EA170897-7065-42BC-B4F8-F1171600D817}.Debug|Any CPU.Build.0 = Debug|Any CPU
		{EA170897-7065-42BC-B4F8-F1171600D817}.Release|Any CPU.ActiveCfg = Release|Any CPU
		{EA170897-7065-42BC-B4F8-F1171600D817}.Release|Any CPU.Build.0 = Release|Any CPU
	EndGlobalSection
	GlobalSection(SolutionProperties) = preSolution
		HideSolutionNode = FALSE
	EndGlobalSection
	GlobalSection(ExtensibilityGlobals) = postSolution
		SolutionGuid = {EB34ACA5-645D-40FE-B027-5D52F8C0E089}
	EndGlobalSection
EndGlobal
